{
  "name": "retrosantander",
  "lockfileVersion": 2,
  "requires": true,
  "packages": {
    "": {
      "name": "retrosantander",
      "license": "Véase el fichero LICENSE",
      "funding": {
        "type": "patreon",
        "url": "https://www.patreon.com/jaime_gomez_obregon"
      }
    }
  }
}
